
Microsoft Visual Studio Solution File, Format Version 12.00
# Visual Studio Version 17
VisualStudioVersion = 17.9.34728.123
MinimumVisualStudioVersion = 10.0.40219.1
Project("{FAE04EC0-301F-11D3-BF4B-00C04F79EFBC}") = "AdPlatform", "AdPlatform\AdPlatform.csproj", "{205EDAE9-9889-4D17-87A0-7C6164C212FC}"
EndProject
Global
	GlobalSection(SolutionConfigurationPlatforms) = preSolution
		Debug|Any CPU = Debug|Any CPU
		Release|Any CPU = Release|Any CPU
	EndGlobalSection
	GlobalSection(ProjectConfigurationPlatforms) = postSolution
		{205EDAE9-9889-4D17-87A0-7C6164C212FC}.Debug|Any CPU.ActiveCfg = Debug|Any CPU
		{205EDAE9-9889-4D17-87A0-7C6164C212FC}.Debug|Any CPU.Build.0 = Debug|Any CPU
		{205EDAE9-9889-4D17-87A0-7C6164C212FC}.Release|Any CPU.ActiveCfg = Release|Any CPU
		{205EDAE9-9889-4D17-87A0-7C6164C212FC}.Release|Any CPU.Build.0 = Release|Any CPU
	EndGlobalSection
	GlobalSection(SolutionProperties) = preSolution
		HideSolutionNode = FALSE
	EndGlobalSection
	GlobalSection(ExtensibilityGlobals) = postSolution
		SolutionGuid = {C9986D3B-E7FF-42B1-B0AC-9CC6533BCADC}
	EndGlobalSection
EndGlobal
